{"filter":false,"title":"Gemfile.lock","tooltip":"/kariitigou/Gemfile.lock","undoManager":{"mark":-1,"position":-1,"stack":[]},"ace":{"folds":[],"scrolltop":814.5,"scrollleft":0,"selection":{"start":{"row":53,"column":4},"end":{"row":72,"column":10},"isBackwards":false},"options":{"guessTabSize":true,"useWrapMode":false,"wrapToView":true},"firstLineState":{"row":49,"state":"start","mode":"ace/mode/text"}},"timestamp":1625061978168,"hash":"676493fcf7c26465773d8706fd835c59e8258cc4"}